
Microsoft Visual Studio Solution File, Format Version 12.00
# Visual Studio 15
VisualStudioVersion = 15.0.27703.2042
MinimumVisualStudioVersion = 10.0.40219.1
Project("{9A19103F-16F7-4668-BE54-9A1E7A4F7556}") = "ClassLibrary1.Test", "ClassLibrary1.Test\ClassLibrary1.Test.csproj", "{523CCA7E-B657-438C-9AD7-1DC2810405B3}"
EndProject
Project("{9A19103F-16F7-4668-BE54-9A1E7A4F7556}") = "Memcached.ClientLibrary", "Memcached.ClientLibrary\Memcached.ClientLibrary.csproj", "{14AF1F83-BF30-4F81-84A9-68BDA3B31A85}"
EndProject
Global
	GlobalSection(SolutionConfigurationPlatforms) = preSolution
		Debug|Any CPU = Debug|Any CPU
		Release|Any CPU = Release|Any CPU
	EndGlobalSection
	GlobalSection(ProjectConfigurationPlatforms) = postSolution
		{523CCA7E-B657-438C-9AD7-1DC2810405B3}.Debug|Any CPU.ActiveCfg = Debug|Any CPU
		{523CCA7E-B657-438C-9AD7-1DC2810405B3}.Debug|Any CPU.Build.0 = Debug|Any CPU
		{523CCA7E-B657-438C-9AD7-1DC2810405B3}.Release|Any CPU.ActiveCfg = Release|Any CPU
		{523CCA7E-B657-438C-9AD7-1DC2810405B3}.Release|Any CPU.Build.0 = Release|Any CPU
		{14AF1F83-BF30-4F81-84A9-68BDA3B31A85}.Debug|Any CPU.ActiveCfg = Debug|Any CPU
		{14AF1F83-BF30-4F81-84A9-68BDA3B31A85}.Debug|Any CPU.Build.0 = Debug|Any CPU
		{14AF1F83-BF30-4F81-84A9-68BDA3B31A85}.Release|Any CPU.ActiveCfg = Release|Any CPU
		{14AF1F83-BF30-4F81-84A9-68BDA3B31A85}.Release|Any CPU.Build.0 = Release|Any CPU
	EndGlobalSection
	GlobalSection(SolutionProperties) = preSolution
		HideSolutionNode = FALSE
	EndGlobalSection
	GlobalSection(ExtensibilityGlobals) = postSolution
		SolutionGuid = {964A889A-0617-4572-A58D-EC76224DAD59}
	EndGlobalSection
EndGlobal
